
Microsoft Visual Studio Solution File, Format Version 12.00
# Visual Studio 15
VisualStudioVersion = 15.0.28307.539
MinimumVisualStudioVersion = 10.0.40219.1
Project("{8BC9CEB8-8B4A-11D0-8D11-00A0C91BC942}") = "snakeXIN", "ConsoleApplication2\ConsoleApplication2.vcxproj", "{055FFD32-0F54-47A9-8916-B61BAA1CD680}"
EndProject
Global
	GlobalSection(SolutionConfigurationPlatforms) = preSolution
		Debug|x64 = Debug|x64
		Debug|x86 = Debug|x86
		Release|x64 = Release|x64
		Release|x86 = Release|x86
	EndGlobalSection
	GlobalSection(ProjectConfigurationPlatforms) = postSolution
		{055FFD32-0F54-47A9-8916-B61BAA1CD680}.Debug|x64.ActiveCfg = Debug|x64
		{055FFD32-0F54-47A9-8916-B61BAA1CD680}.Debug|x64.Build.0 = Debug|x64
		{055FFD32-0F54-47A9-8916-B61BAA1CD680}.Debug|x86.ActiveCfg = Debug|Win32
		{055FFD32-0F54-47A9-8916-B61BAA1CD680}.Debug|x86.Build.0 = Debug|Win32
		{055FFD32-0F54-47A9-8916-B61BAA1CD680}.Release|x64.ActiveCfg = Release|x64
		{055FFD32-0F54-47A9-8916-B61BAA1CD680}.Release|x64.Build.0 = Release|x64
		{055FFD32-0F54-47A9-8916-B61BAA1CD680}.Release|x86.ActiveCfg = Release|Win32
		{055FFD32-0F54-47A9-8916-B61BAA1CD680}.Release|x86.Build.0 = Release|Win32
	EndGlobalSection
	GlobalSection(SolutionProperties) = preSolution
		HideSolutionNode = FALSE
	EndGlobalSection
	GlobalSection(ExtensibilityGlobals) = postSolution
		SolutionGuid = {E913B0D8-9ED7-490A-A607-1C9CB6ADA797}
	EndGlobalSection
EndGlobal
