
Microsoft Visual Studio Solution File, Format Version 12.00
# Visual Studio Version 16
VisualStudioVersion = 16.0.28803.156
MinimumVisualStudioVersion = 10.0.40219.1
Project("{8BC9CEB8-8B4A-11D0-8D11-00A0C91BC942}") = "Chess", "Chess\Chess.vcxproj", "{BE8E3D2A-6ED3-4CFC-BBEF-8B43AAABAFF4}"
EndProject
Global
	GlobalSection(SolutionConfigurationPlatforms) = preSolution
		Debug|x64 = Debug|x64
		Debug|x86 = Debug|x86
		Release|x64 = Release|x64
		Release|x86 = Release|x86
	EndGlobalSection
	GlobalSection(ProjectConfigurationPlatforms) = postSolution
		{BE8E3D2A-6ED3-4CFC-BBEF-8B43AAABAFF4}.Debug|x64.ActiveCfg = Debug|x64
		{BE8E3D2A-6ED3-4CFC-BBEF-8B43AAABAFF4}.Debug|x64.Build.0 = Debug|x64
		{BE8E3D2A-6ED3-4CFC-BBEF-8B43AAABAFF4}.Debug|x86.ActiveCfg = Debug|Win32
		{BE8E3D2A-6ED3-4CFC-BBEF-8B43AAABAFF4}.Debug|x86.Build.0 = Debug|Win32
		{BE8E3D2A-6ED3-4CFC-BBEF-8B43AAABAFF4}.Release|x64.ActiveCfg = Release|x64
		{BE8E3D2A-6ED3-4CFC-BBEF-8B43AAABAFF4}.Release|x64.Build.0 = Release|x64
		{BE8E3D2A-6ED3-4CFC-BBEF-8B43AAABAFF4}.Release|x86.ActiveCfg = Release|Win32
		{BE8E3D2A-6ED3-4CFC-BBEF-8B43AAABAFF4}.Release|x86.Build.0 = Release|Win32
	EndGlobalSection
	GlobalSection(SolutionProperties) = preSolution
		HideSolutionNode = FALSE
	EndGlobalSection
	GlobalSection(ExtensibilityGlobals) = postSolution
		SolutionGuid = {B273250B-B4AC-4D78-98C7-A67C7D842423}
	EndGlobalSection
EndGlobal
